
Microsoft Visual Studio Solution File, Format Version 12.00
# Visual Studio Version 16
VisualStudioVersion = 16.0.33423.256
MinimumVisualStudioVersion = 10.0.40219.1
Project("{FAE04EC0-301F-11D3-BF4B-00C04F79EFBC}") = "Exercicio - MatrizesPratica2", "Exercicio - MatrizesPratica2\Exercicio - MatrizesPratica2.csproj", "{40B203E0-11F0-4D04-8D9F-1F7B40C0726F}"
EndProject
Global
	GlobalSection(SolutionConfigurationPlatforms) = preSolution
		Debug|Any CPU = Debug|Any CPU
		Release|Any CPU = Release|Any CPU
	EndGlobalSection
	GlobalSection(ProjectConfigurationPlatforms) = postSolution
		{40B203E0-11F0-4D04-8D9F-1F7B40C0726F}.Debug|Any CPU.ActiveCfg = Debug|Any CPU
		{40B203E0-11F0-4D04-8D9F-1F7B40C0726F}.Debug|Any CPU.Build.0 = Debug|Any CPU
		{40B203E0-11F0-4D04-8D9F-1F7B40C0726F}.Release|Any CPU.ActiveCfg = Release|Any CPU
		{40B203E0-11F0-4D04-8D9F-1F7B40C0726F}.Release|Any CPU.Build.0 = Release|Any CPU
	EndGlobalSection
	GlobalSection(SolutionProperties) = preSolution
		HideSolutionNode = FALSE
	EndGlobalSection
	GlobalSection(ExtensibilityGlobals) = postSolution
		SolutionGuid = {5E6E2973-F644-4F94-A1ED-00FE0BEF0748}
	EndGlobalSection
EndGlobal
